
Microsoft Visual Studio Solution File, Format Version 12.00
# Visual Studio 15
VisualStudioVersion = 15.0.28307.572
MinimumVisualStudioVersion = 10.0.40219.1
Project("{2150E333-8FDC-42A3-9474-1A3956D46DE8}") = "01 - libraries", "01 - libraries", "{E09767C9-9DEE-4A54-8521-B842D5CFE62B}"
EndProject
Project("{2150E333-8FDC-42A3-9474-1A3956D46DE8}") = "01 - Shared", "01 - Shared", "{9B37F00A-CBC9-4A11-9E35-3F742FF22BE5}"
EndProject
Project("{2150E333-8FDC-42A3-9474-1A3956D46DE8}") = "02 - Windows", "02 - Windows", "{2325FB35-B3BF-4759-914F-E7327A0CF920}"
EndProject
Project("{2150E333-8FDC-42A3-9474-1A3956D46DE8}") = "03 - Linux", "03 - Linux", "{7F110176-0AB3-4577-876E-2D76D7733A0C}"
EndProject
Project("{2150E333-8FDC-42A3-9474-1A3956D46DE8}") = "04 - Android", "04 - Android", "{9D72059A-7B2C-4D8E-9BE1-E9E60860F631}"
EndProject
Project("{2150E333-8FDC-42A3-9474-1A3956D46DE8}") = "10 - unit tests", "10 - unit tests", "{2DEEDA83-3AA4-4C16-BDAC-41D8719B6722}"
EndProject
Project("{2150E333-8FDC-42A3-9474-1A3956D46DE8}") = "11 - test applications", "11 - test applications", "{93938132-3DCD-485D-BA7C-F1EC52680F3F}"
EndProject
Project("{2150E333-8FDC-42A3-9474-1A3956D46DE8}") = "20 - Samples", "20 - Samples", "{69837A8E-BCDD-4A1C-8EAD-B64AF59D604C}"
EndProject
Project("{8BC9CEB8-8B4A-11D0-8D11-00A0C91BC942}") = "Elysium.IO.PDF", "Libraries\01-Shared\Elysium.IO.PDF\Elysium.IO.PDF.vcxitems", "{9B101A00-0BD9-40A4-AAAA-90C4C77F244E}"
EndProject
Project("{8BC9CEB8-8B4A-11D0-8D11-00A0C91BC942}") = "Elysium.IO.PDF", "Libraries\02-Windows\Elysium.IO.PDF\Elysium.IO.PDF.vcxproj", "{52049F21-B70D-44D1-9856-E3DB7824223A}"
EndProject
Project("{8BC9CEB8-8B4A-11D0-8D11-00A0C91BC942}") = "Elysium.IO.DSV", "Libraries\01-Shared\Elysium.IO.DSV\Elysium.IO.DSV.vcxitems", "{1C34B4F7-EC66-4324-8241-8218707AEB10}"
EndProject
Project("{8BC9CEB8-8B4A-11D0-8D11-00A0C91BC942}") = "Elysium.Communication", "Libraries\01-Shared\Elysium.Communication\Elysium.Communication.vcxitems", "{8EB3E6E8-8830-42E5-BB0D-D4B3DFF51505}"
EndProject
Project("{8BC9CEB8-8B4A-11D0-8D11-00A0C91BC942}") = "Elysium.IO.Xml", "Libraries\01-Shared\Elysium.IO.Xml\Elysium.IO.Xml.vcxitems", "{52DB50CB-4B17-4F24-8B40-4C0BD9A60106}"
EndProject
Project("{8BC9CEB8-8B4A-11D0-8D11-00A0C91BC942}") = "Elysium.Communication", "Libraries\02-Windows\Elysium.Communication\Elysium.Communication.vcxproj", "{F24CA643-9FDA-485C-B97F-54AB3AA4C82C}"
EndProject
Project("{8BC9CEB8-8B4A-11D0-8D11-00A0C91BC942}") = "Elysium.IO.DSV", "Libraries\02-Windows\Elysium.IO.DSV\Elysium.IO.DSV.vcxproj", "{044602DD-0715-4D24-8EEE-95D499F0E332}"
EndProject
Project("{8BC9CEB8-8B4A-11D0-8D11-00A0C91BC942}") = "Elysium.IO.Xml", "Libraries\02-Windows\Elysium.IO.Xml\Elysium.IO.Xml.vcxproj", "{71E6B8B7-280E-4B30-B87E-F3DA59D42ED2}"
EndProject
Project("{2150E333-8FDC-42A3-9474-1A3956D46DE8}") = "01 - Shared", "01 - Shared", "{C81D8EF9-8BA5-45BB-BDDA-FCDF2E00A583}"
EndProject
Project("{2150E333-8FDC-42A3-9474-1A3956D46DE8}") = "02 - Windows", "02 - Windows", "{4CBA49CC-75C3-4BAA-95B3-86B65C8DDFF8}"
EndProject
Project("{2150E333-8FDC-42A3-9474-1A3956D46DE8}") = "03 - Linux", "03 - Linux", "{E4B52476-2C51-4D2E-9EF1-DFF738987265}"
EndProject
Project("{2150E333-8FDC-42A3-9474-1A3956D46DE8}") = "04 - Android", "04 - Android", "{B5145A40-3E2D-4C4B-BA72-61D9B16A06FB}"
EndProject
Project("{8BC9CEB8-8B4A-11D0-8D11-00A0C91BC942}") = "UnitTest.IO.PDF", "UnitTests\02-Windows\UnitTest.IO.PDF\UnitTest.IO.PDF.vcxproj", "{BF8A73B6-EA0E-4512-9408-847821B10435}"
EndProject
Project("{8BC9CEB8-8B4A-11D0-8D11-00A0C91BC942}") = "UnitTest.Communication", "UnitTests\02-Windows\UnitTest.Communication\UnitTest.Communication.vcxproj", "{77FE4166-9D73-4907-9F3B-6008A8D1908F}"
EndProject
Global
	GlobalSection(SharedMSBuildProjectFiles) = preSolution
		Libraries\01-Shared\Elysium.IO.DSV\Elysium.IO.DSV.vcxitems*{044602dd-0715-4d24-8eee-95d499f0e332}*SharedItemsImports = 4
		Libraries\01-Shared\Elysium.IO.DSV\Elysium.IO.DSV.vcxitems*{1c34b4f7-ec66-4324-8241-8218707aeb10}*SharedItemsImports = 9
		Libraries\01-Shared\Elysium.IO.PDF\Elysium.IO.PDF.vcxitems*{52049f21-b70d-44d1-9856-e3db7824223a}*SharedItemsImports = 4
		Libraries\01-Shared\Elysium.IO.Xml\Elysium.IO.Xml.vcxitems*{52db50cb-4b17-4f24-8b40-4c0bd9a60106}*SharedItemsImports = 9
		Libraries\01-Shared\Elysium.Communication\Elysium.Communication.vcxitems*{8eb3e6e8-8830-42e5-bb0d-d4b3dff51505}*SharedItemsImports = 9
		Libraries\01-Shared\Elysium.IO.PDF\Elysium.IO.PDF.vcxitems*{9b101a00-0bd9-40a4-aaaa-90c4c77f244e}*SharedItemsImports = 9
		Libraries\01-Shared\Elysium.Communication\Elysium.Communication.vcxitems*{f24ca643-9fda-485c-b97f-54ab3aa4c82c}*SharedItemsImports = 4
	EndGlobalSection
	GlobalSection(SolutionConfigurationPlatforms) = preSolution
		Debug|x64 = Debug|x64
		Debug|x86 = Debug|x86
		Release|x64 = Release|x64
		Release|x86 = Release|x86
	EndGlobalSection
	GlobalSection(ProjectConfigurationPlatforms) = postSolution
		{52049F21-B70D-44D1-9856-E3DB7824223A}.Debug|x64.ActiveCfg = Debug|x64
		{52049F21-B70D-44D1-9856-E3DB7824223A}.Debug|x64.Build.0 = Debug|x64
		{52049F21-B70D-44D1-9856-E3DB7824223A}.Debug|x86.ActiveCfg = Debug|Win32
		{52049F21-B70D-44D1-9856-E3DB7824223A}.Debug|x86.Build.0 = Debug|Win32
		{52049F21-B70D-44D1-9856-E3DB7824223A}.Release|x64.ActiveCfg = Release|x64
		{52049F21-B70D-44D1-9856-E3DB7824223A}.Release|x64.Build.0 = Release|x64
		{52049F21-B70D-44D1-9856-E3DB7824223A}.Release|x86.ActiveCfg = Release|Win32
		{52049F21-B70D-44D1-9856-E3DB7824223A}.Release|x86.Build.0 = Release|Win32
		{F24CA643-9FDA-485C-B97F-54AB3AA4C82C}.Debug|x64.ActiveCfg = Debug|x64
		{F24CA643-9FDA-485C-B97F-54AB3AA4C82C}.Debug|x64.Build.0 = Debug|x64
		{F24CA643-9FDA-485C-B97F-54AB3AA4C82C}.Debug|x86.ActiveCfg = Debug|Win32
		{F24CA643-9FDA-485C-B97F-54AB3AA4C82C}.Debug|x86.Build.0 = Debug|Win32
		{F24CA643-9FDA-485C-B97F-54AB3AA4C82C}.Release|x64.ActiveCfg = Release|x64
		{F24CA643-9FDA-485C-B97F-54AB3AA4C82C}.Release|x64.Build.0 = Release|x64
		{F24CA643-9FDA-485C-B97F-54AB3AA4C82C}.Release|x86.ActiveCfg = Release|Win32
		{F24CA643-9FDA-485C-B97F-54AB3AA4C82C}.Release|x86.Build.0 = Release|Win32
		{044602DD-0715-4D24-8EEE-95D499F0E332}.Debug|x64.ActiveCfg = Debug|x64
		{044602DD-0715-4D24-8EEE-95D499F0E332}.Debug|x64.Build.0 = Debug|x64
		{044602DD-0715-4D24-8EEE-95D499F0E332}.Debug|x86.ActiveCfg = Debug|Win32
		{044602DD-0715-4D24-8EEE-95D499F0E332}.Debug|x86.Build.0 = Debug|Win32
		{044602DD-0715-4D24-8EEE-95D499F0E332}.Release|x64.ActiveCfg = Release|x64
		{044602DD-0715-4D24-8EEE-95D499F0E332}.Release|x64.Build.0 = Release|x64
		{044602DD-0715-4D24-8EEE-95D499F0E332}.Release|x86.ActiveCfg = Release|Win32
		{044602DD-0715-4D24-8EEE-95D499F0E332}.Release|x86.Build.0 = Release|Win32
		{71E6B8B7-280E-4B30-B87E-F3DA59D42ED2}.Debug|x64.ActiveCfg = Debug|x64
		{71E6B8B7-280E-4B30-B87E-F3DA59D42ED2}.Debug|x64.Build.0 = Debug|x64
		{71E6B8B7-280E-4B30-B87E-F3DA59D42ED2}.Debug|x86.ActiveCfg = Debug|Win32
		{71E6B8B7-280E-4B30-B87E-F3DA59D42ED2}.Debug|x86.Build.0 = Debug|Win32
		{71E6B8B7-280E-4B30-B87E-F3DA59D42ED2}.Release|x64.ActiveCfg = Release|x64
		{71E6B8B7-280E-4B30-B87E-F3DA59D42ED2}.Release|x64.Build.0 = Release|x64
		{71E6B8B7-280E-4B30-B87E-F3DA59D42ED2}.Release|x86.ActiveCfg = Release|Win32
		{71E6B8B7-280E-4B30-B87E-F3DA59D42ED2}.Release|x86.Build.0 = Release|Win32
		{BF8A73B6-EA0E-4512-9408-847821B10435}.Debug|x64.ActiveCfg = Debug|x64
		{BF8A73B6-EA0E-4512-9408-847821B10435}.Debug|x64.Build.0 = Debug|x64
		{BF8A73B6-EA0E-4512-9408-847821B10435}.Debug|x86.ActiveCfg = Debug|Win32
		{BF8A73B6-EA0E-4512-9408-847821B10435}.Debug|x86.Build.0 = Debug|Win32
		{BF8A73B6-EA0E-4512-9408-847821B10435}.Release|x64.ActiveCfg = Release|x64
		{BF8A73B6-EA0E-4512-9408-847821B10435}.Release|x64.Build.0 = Release|x64
		{BF8A73B6-EA0E-4512-9408-847821B10435}.Release|x86.ActiveCfg = Release|Win32
		{BF8A73B6-EA0E-4512-9408-847821B10435}.Release|x86.Build.0 = Release|Win32
		{77FE4166-9D73-4907-9F3B-6008A8D1908F}.Debug|x64.ActiveCfg = Debug|x64
		{77FE4166-9D73-4907-9F3B-6008A8D1908F}.Debug|x64.Build.0 = Debug|x64
		{77FE4166-9D73-4907-9F3B-6008A8D1908F}.Debug|x86.ActiveCfg = Debug|Win32
		{77FE4166-9D73-4907-9F3B-6008A8D1908F}.Debug|x86.Build.0 = Debug|Win32
		{77FE4166-9D73-4907-9F3B-6008A8D1908F}.Release|x64.ActiveCfg = Release|x64
		{77FE4166-9D73-4907-9F3B-6008A8D1908F}.Release|x64.Build.0 = Release|x64
		{77FE4166-9D73-4907-9F3B-6008A8D1908F}.Release|x86.ActiveCfg = Release|Win32
		{77FE4166-9D73-4907-9F3B-6008A8D1908F}.Release|x86.Build.0 = Release|Win32
	EndGlobalSection
	GlobalSection(SolutionProperties) = preSolution
		HideSolutionNode = FALSE
	EndGlobalSection
	GlobalSection(NestedProjects) = preSolution
		{9B37F00A-CBC9-4A11-9E35-3F742FF22BE5} = {E09767C9-9DEE-4A54-8521-B842D5CFE62B}
		{2325FB35-B3BF-4759-914F-E7327A0CF920} = {E09767C9-9DEE-4A54-8521-B842D5CFE62B}
		{7F110176-0AB3-4577-876E-2D76D7733A0C} = {E09767C9-9DEE-4A54-8521-B842D5CFE62B}
		{9D72059A-7B2C-4D8E-9BE1-E9E60860F631} = {E09767C9-9DEE-4A54-8521-B842D5CFE62B}
		{9B101A00-0BD9-40A4-AAAA-90C4C77F244E} = {9B37F00A-CBC9-4A11-9E35-3F742FF22BE5}
		{52049F21-B70D-44D1-9856-E3DB7824223A} = {2325FB35-B3BF-4759-914F-E7327A0CF920}
		{1C34B4F7-EC66-4324-8241-8218707AEB10} = {9B37F00A-CBC9-4A11-9E35-3F742FF22BE5}
		{8EB3E6E8-8830-42E5-BB0D-D4B3DFF51505} = {9B37F00A-CBC9-4A11-9E35-3F742FF22BE5}
		{52DB50CB-4B17-4F24-8B40-4C0BD9A60106} = {9B37F00A-CBC9-4A11-9E35-3F742FF22BE5}
		{F24CA643-9FDA-485C-B97F-54AB3AA4C82C} = {2325FB35-B3BF-4759-914F-E7327A0CF920}
		{044602DD-0715-4D24-8EEE-95D499F0E332} = {2325FB35-B3BF-4759-914F-E7327A0CF920}
		{71E6B8B7-280E-4B30-B87E-F3DA59D42ED2} = {2325FB35-B3BF-4759-914F-E7327A0CF920}
		{C81D8EF9-8BA5-45BB-BDDA-FCDF2E00A583} = {2DEEDA83-3AA4-4C16-BDAC-41D8719B6722}
		{4CBA49CC-75C3-4BAA-95B3-86B65C8DDFF8} = {2DEEDA83-3AA4-4C16-BDAC-41D8719B6722}
		{E4B52476-2C51-4D2E-9EF1-DFF738987265} = {2DEEDA83-3AA4-4C16-BDAC-41D8719B6722}
		{B5145A40-3E2D-4C4B-BA72-61D9B16A06FB} = {2DEEDA83-3AA4-4C16-BDAC-41D8719B6722}
		{BF8A73B6-EA0E-4512-9408-847821B10435} = {4CBA49CC-75C3-4BAA-95B3-86B65C8DDFF8}
		{77FE4166-9D73-4907-9F3B-6008A8D1908F} = {4CBA49CC-75C3-4BAA-95B3-86B65C8DDFF8}
	EndGlobalSection
	GlobalSection(ExtensibilityGlobals) = postSolution
		SolutionGuid = {E1E542AA-7F2D-45E2-BCC0-11DEBB96C091}
	EndGlobalSection
EndGlobal
