<?xml version="1.0" encoding="utf-8"?>
<Project ToolsVersion="4.0" xmlns="http://schemas.microsoft.com/developer/msbuild/2003">
  <ItemGroup>
    <Filter Include="Transport">
      <UniqueIdentifier>{49b156ba-bf68-440b-b908-440b18f906cf}</UniqueIdentifier>
    </Filter>
    <Filter Include="Protocol">
      <UniqueIdentifier>{2e416f28-2a9e-438a-a651-4e8865b12bdb}</UniqueIdentifier>
    </Filter>
    <Filter Include="Service">
      <UniqueIdentifier>{24bff1d9-9059-4cdd-8c02-914f46963a72}</UniqueIdentifier>
    </Filter>
    <Filter Include="Service\SOAP">
      <UniqueIdentifier>{1236e5f0-1792-4e94-9afe-5d983a4122db}</UniqueIdentifier>
    </Filter>
    <Filter Include="Service\LDAP">
      <UniqueIdentifier>{0025fb06-1c9e-47ab-a525-d96e01910114}</UniqueIdentifier>
    </Filter>
    <Filter Include="Service\RPC">
      <UniqueIdentifier>{ec922707-f5fc-48dd-af8c-41fa2c428ef2}</UniqueIdentifier>
    </Filter>
    <Filter Include="Service\WebDAV">
      <UniqueIdentifier>{006e05c3-fa86-42bb-8cbf-973e1abdb2e1}</UniqueIdentifier>
    </Filter>
  </ItemGroup>
  <ItemGroup>
    <ClCompile Include="$(MSBuildThisFileDirectory)ProtocolBase.cpp">
      <Filter>Protocol</Filter>
    </ClCompile>
    <ClCompile Include="$(MSBuildThisFileDirectory)TransportBase.cpp">
      <Filter>Transport</Filter>
    </ClCompile>
    <ClCompile Include="$(MSBuildThisFileDirectory)StreamTransport.cpp">
      <Filter>Transport</Filter>
    </ClCompile>
    <ClCompile Include="$(MSBuildThisFileDirectory)TextProtocol.cpp">
      <Filter>Protocol</Filter>
    </ClCompile>
    <ClCompile Include="$(MSBuildThisFileDirectory)BinaryProtocol.cpp">
      <Filter>Protocol</Filter>
    </ClCompile>
    <ClCompile Include="$(MSBuildThisFileDirectory)TcpClient.cpp">
      <Filter>Transport</Filter>
    </ClCompile>
    <ClCompile Include="$(MSBuildThisFileDirectory)HyperTextTransferProtocol.cpp">
      <Filter>Protocol</Filter>
    </ClCompile>
    <ClCompile Include="$(MSBuildThisFileDirectory)JSONProtocol.cpp">
      <Filter>Protocol</Filter>
    </ClCompile>
  </ItemGroup>
  <ItemGroup>
    <ClInclude Include="$(MSBuildThisFileDirectory)API.hpp" />
    <ClInclude Include="$(MSBuildThisFileDirectory)ProtocolBase.hpp">
      <Filter>Protocol</Filter>
    </ClInclude>
    <ClInclude Include="$(MSBuildThisFileDirectory)StreamTransport.hpp">
      <Filter>Transport</Filter>
    </ClInclude>
    <ClInclude Include="$(MSBuildThisFileDirectory)TransportBase.hpp">
      <Filter>Transport</Filter>
    </ClInclude>
    <ClInclude Include="$(MSBuildThisFileDirectory)TcpClient.hpp">
      <Filter>Transport</Filter>
    </ClInclude>
    <ClInclude Include="$(MSBuildThisFileDirectory)TextProtocol.hpp">
      <Filter>Protocol</Filter>
    </ClInclude>
    <ClInclude Include="$(MSBuildThisFileDirectory)BinaryProtocol.hpp">
      <Filter>Protocol</Filter>
    </ClInclude>
    <ClInclude Include="$(MSBuildThisFileDirectory)HyperTextTransferProtocol.hpp">
      <Filter>Protocol</Filter>
    </ClInclude>
    <ClInclude Include="$(MSBuildThisFileDirectory)JSONProtocol.hpp">
      <Filter>Protocol</Filter>
    </ClInclude>
  </ItemGroup>
</Project>