<?xml version="1.0" encoding="utf-8"?>
<Project ToolsVersion="4.0" xmlns="http://schemas.microsoft.com/developer/msbuild/2003">
  <ItemGroup>
    <Filter Include="Transport">
      <UniqueIdentifier>{49b156ba-bf68-440b-b908-440b18f906cf}</UniqueIdentifier>
    </Filter>
    <Filter Include="Protocol">
      <UniqueIdentifier>{2e416f28-2a9e-438a-a651-4e8865b12bdb}</UniqueIdentifier>
    </Filter>
    <Filter Include="Service">
      <UniqueIdentifier>{24bff1d9-9059-4cdd-8c02-914f46963a72}</UniqueIdentifier>
    </Filter>
    <Filter Include="Service\IRC">
      <UniqueIdentifier>{3127fa31-c803-41c0-bf93-3363c52e2510}</UniqueIdentifier>
    </Filter>
    <Filter Include="Service\HTTP">
      <UniqueIdentifier>{f7b6c346-c759-4bd3-a2cd-2818cadc7d11}</UniqueIdentifier>
    </Filter>
    <Filter Include="Service\SOAP">
      <UniqueIdentifier>{1236e5f0-1792-4e94-9afe-5d983a4122db}</UniqueIdentifier>
    </Filter>
    <Filter Include="Service\REST">
      <UniqueIdentifier>{6f170cde-ba75-4efc-abcc-3f11185f4c3f}</UniqueIdentifier>
    </Filter>
    <Filter Include="Service\HTTP\Authentication">
      <UniqueIdentifier>{9f7667fd-f5bc-4581-995c-ca6fa0391626}</UniqueIdentifier>
    </Filter>
    <Filter Include="Service\HTTP\Headers">
      <UniqueIdentifier>{c9947724-7f9d-43d0-814f-18bc93431805}</UniqueIdentifier>
    </Filter>
    <Filter Include="Service\HTTP\Authentication\Basic">
      <UniqueIdentifier>{260620b0-661c-40e4-afe4-d466defc5b54}</UniqueIdentifier>
    </Filter>
    <Filter Include="Service\HTTP\Authentication\DigestSSP">
      <UniqueIdentifier>{c7c4b186-660f-40ab-8cdf-ad6325297bd8}</UniqueIdentifier>
    </Filter>
    <Filter Include="Service\HTTP\Authentication\Kerberos">
      <UniqueIdentifier>{740082f1-9fc1-4bb2-b76d-7ecd798695c6}</UniqueIdentifier>
    </Filter>
    <Filter Include="Service\HTTP\Authentication\Negotiate">
      <UniqueIdentifier>{1e640fb8-6c67-472a-8720-9e9a912af5da}</UniqueIdentifier>
    </Filter>
    <Filter Include="Service\HTTP\Authentication\NTLM">
      <UniqueIdentifier>{bb1199f2-65aa-4749-84bd-315482448b04}</UniqueIdentifier>
    </Filter>
  </ItemGroup>
  <ItemGroup>
    <ClCompile Include="$(MSBuildThisFileDirectory)ProtocolBase.cpp">
      <Filter>Protocol</Filter>
    </ClCompile>
    <ClCompile Include="$(MSBuildThisFileDirectory)TransportBase.cpp">
      <Filter>Transport</Filter>
    </ClCompile>
    <ClCompile Include="$(MSBuildThisFileDirectory)StreamTransport.cpp">
      <Filter>Transport</Filter>
    </ClCompile>
    <ClCompile Include="$(MSBuildThisFileDirectory)TextProtocol.cpp">
      <Filter>Protocol</Filter>
    </ClCompile>
    <ClCompile Include="$(MSBuildThisFileDirectory)HttpClient.cpp">
      <Filter>Service\HTTP</Filter>
    </ClCompile>
    <ClCompile Include="$(MSBuildThisFileDirectory)BinaryProtocol.cpp">
      <Filter>Protocol</Filter>
    </ClCompile>
    <ClCompile Include="$(MSBuildThisFileDirectory)TcpClient.cpp">
      <Filter>Transport</Filter>
    </ClCompile>
  </ItemGroup>
  <ItemGroup>
    <ClInclude Include="$(MSBuildThisFileDirectory)API.hpp" />
    <ClInclude Include="$(MSBuildThisFileDirectory)ProtocolBase.hpp">
      <Filter>Protocol</Filter>
    </ClInclude>
    <ClInclude Include="$(MSBuildThisFileDirectory)StreamTransport.hpp">
      <Filter>Transport</Filter>
    </ClInclude>
    <ClInclude Include="$(MSBuildThisFileDirectory)TransportBase.hpp">
      <Filter>Transport</Filter>
    </ClInclude>
    <ClInclude Include="$(MSBuildThisFileDirectory)TcpClient.hpp">
      <Filter>Transport</Filter>
    </ClInclude>
    <ClInclude Include="$(MSBuildThisFileDirectory)TextProtocol.hpp">
      <Filter>Protocol</Filter>
    </ClInclude>
    <ClInclude Include="$(MSBuildThisFileDirectory)HttpClient.hpp">
      <Filter>Service\HTTP</Filter>
    </ClInclude>
    <ClInclude Include="$(MSBuildThisFileDirectory)BinaryProtocol.hpp">
      <Filter>Protocol</Filter>
    </ClInclude>
  </ItemGroup>
</Project>